<?xml version="1.0" encoding="utf-8"?>
<Project ToolsVersion="4.0" xmlns="http://schemas.microsoft.com/developer/msbuild/2003">
  <ItemGroup>
    <Filter Include="source">
      <UniqueIdentifier>{ba018fd2-567b-4c03-835e-24ca7a0410dd}</UniqueIdentifier>
    </Filter>
    <Filter Include="source\core">
      <UniqueIdentifier>{c2b1d2fc-0f56-407e-844a-b347da5ba21e}</UniqueIdentifier>
    </Filter>
    <Filter Include="source\core\geometry">
      <UniqueIdentifier>{0e65ca59-3407-4e87-b5a4-ad429dc40dd9}</UniqueIdentifier>
    </Filter>
    <Filter Include="source\core\math">
      <UniqueIdentifier>{131172d7-81bf-4b9e-a08b-6060b10aa0ad}</UniqueIdentifier>
    </Filter>
    <Filter Include="source\core\containers">
      <UniqueIdentifier>{fe2b7861-5968-4e78-9c2d-06b8621b6685}</UniqueIdentifier>
    </Filter>
    <Filter Include="source\core\gfx">
      <UniqueIdentifier>{17c60931-d5c4-4618-94ca-5daef803835f}</UniqueIdentifier>
    </Filter>
    <Filter Include="source\profillingtools">
      <UniqueIdentifier>{34baa743-1b55-4c4d-92d9-c06edb22c0b0}</UniqueIdentifier>
    </Filter>
    <Filter Include="source\core\camera">
      <UniqueIdentifier>{f4c42bce-fb4c-4626-afb2-7e985e1327b5}</UniqueIdentifier>
    </Filter>
    <Filter Include="source\window">
      <UniqueIdentifier>{5483104a-8f45-4d84-a691-ae41add8a5fa}</UniqueIdentifier>
    </Filter>
    <Filter Include="source\window\sdl">
      <UniqueIdentifier>{7de94796-458a-4575-a464-1fef52ba252d}</UniqueIdentifier>
    </Filter>
    <Filter Include="source\core\gfx\shaders">
      <UniqueIdentifier>{57dcd5e0-743e-4360-bd14-084f002ece75}</UniqueIdentifier>
    </Filter>
  </ItemGroup>
  <ItemGroup>
    <ClInclude Include="..\source\core\geometry\sphere.h">
      <Filter>source\core\geometry</Filter>
    </ClInclude>
    <ClInclude Include="..\source\core\math\mathutil.h">
      <Filter>source\core\math</Filter>
    </ClInclude>
    <ClInclude Include="..\source\core\math\vec4.h">
      <Filter>source\core\math</Filter>
    </ClInclude>
    <ClInclude Include="..\source\core\containers\board.h">
      <Filter>source\core\containers</Filter>
    </ClInclude>
    <ClInclude Include="..\source\core\containers\state.h">
      <Filter>source\core\containers</Filter>
    </ClInclude>
    <ClInclude Include="..\source\core\gfx\color.h">
      <Filter>source\core\gfx</Filter>
    </ClInclude>
    <ClInclude Include="..\source\profilingtools\profilemanager.h">
      <Filter>source\profillingtools</Filter>
    </ClInclude>
    <ClInclude Include="..\source\core\camera\camera.h">
      <Filter>source\core\camera</Filter>
    </ClInclude>
    <ClInclude Include="..\source\core\math\mat4x4.h">
      <Filter>source\core\math</Filter>
    </ClInclude>
    <ClInclude Include="..\source\core\camera\ray.h">
      <Filter>source\core\camera</Filter>
    </ClInclude>
    <ClInclude Include="..\source\core\constants.h">
      <Filter>source\core</Filter>
    </ClInclude>
    <ClInclude Include="..\source\core\geometry\plane.h">
      <Filter>source\core\geometry</Filter>
    </ClInclude>
    <ClInclude Include="..\source\window\sdl\sdlwindow.h">
      <Filter>source\window\sdl</Filter>
    </ClInclude>
    <ClInclude Include="..\source\raytracingrenderer.h">
      <Filter>source</Filter>
    </ClInclude>
    <ClInclude Include="..\source\world.h">
      <Filter>source</Filter>
    </ClInclude>
    <ClInclude Include="..\source\core\geometry\geometry.h">
      <Filter>source\core\geometry</Filter>
    </ClInclude>
    <ClInclude Include="..\source\core\gfx\shaders\baseshader.h">
      <Filter>source\core\gfx\shaders</Filter>
    </ClInclude>
    <ClInclude Include="..\source\core\gfx\shaders\checkershader.h">
      <Filter>source\core\gfx\shaders</Filter>
    </ClInclude>
  </ItemGroup>
  <ItemGroup>
    <ClCompile Include="..\source\core\geometry\sphere.cpp">
      <Filter>source\core\geometry</Filter>
    </ClCompile>
    <ClCompile Include="..\source\core\math\mathutil.cpp">
      <Filter>source\core\math</Filter>
    </ClCompile>
    <ClCompile Include="..\source\core\math\vec4.cpp">
      <Filter>source\core\math</Filter>
    </ClCompile>
    <ClCompile Include="..\source\core\gfx\color.cpp">
      <Filter>source\core\gfx</Filter>
    </ClCompile>
    <ClCompile Include="..\source\profilingtools\profilemanager.cpp">
      <Filter>source\profillingtools</Filter>
    </ClCompile>
    <ClCompile Include="..\source\main.cpp">
      <Filter>source</Filter>
    </ClCompile>
    <ClCompile Include="..\source\core\camera\camera.cpp">
      <Filter>source\core\camera</Filter>
    </ClCompile>
    <ClCompile Include="..\source\core\math\mat4x4.cpp">
      <Filter>source\core\math</Filter>
    </ClCompile>
    <ClCompile Include="..\source\core\geometry\plane.cpp">
      <Filter>source\core\geometry</Filter>
    </ClCompile>
    <ClCompile Include="..\source\window\sdl\sdlwindow.cpp">
      <Filter>source\window\sdl</Filter>
    </ClCompile>
    <ClCompile Include="..\source\raytracingrenderer.cpp">
      <Filter>source</Filter>
    </ClCompile>
    <ClCompile Include="..\source\world.cpp">
      <Filter>source</Filter>
    </ClCompile>
    <ClCompile Include="..\source\core\gfx\shaders\checkershader.cpp">
      <Filter>source\core\gfx\shaders</Filter>
    </ClCompile>
  </ItemGroup>
</Project>